
Microsoft Visual Studio Solution File, Format Version 12.00
# Visual Studio Version 16
VisualStudioVersion = 16.0.31624.102
MinimumVisualStudioVersion = 10.0.40219.1
Project("{FAE04EC0-301F-11D3-BF4B-00C04F79EFBC}") = "autoRepairShop", "autoRepairShop\autoRepairShop.csproj", "{7864E1EB-AB9C-48EE-9C43-9B9EE0F49CA9}"
EndProject
Global
	GlobalSection(SolutionConfigurationPlatforms) = preSolution
		Debug|Any CPU = Debug|Any CPU
		Release|Any CPU = Release|Any CPU
	EndGlobalSection
	GlobalSection(ProjectConfigurationPlatforms) = postSolution
		{7864E1EB-AB9C-48EE-9C43-9B9EE0F49CA9}.Debug|Any CPU.ActiveCfg = Debug|Any CPU
		{7864E1EB-AB9C-48EE-9C43-9B9EE0F49CA9}.Debug|Any CPU.Build.0 = Debug|Any CPU
		{7864E1EB-AB9C-48EE-9C43-9B9EE0F49CA9}.Release|Any CPU.ActiveCfg = Release|Any CPU
		{7864E1EB-AB9C-48EE-9C43-9B9EE0F49CA9}.Release|Any CPU.Build.0 = Release|Any CPU
	EndGlobalSection
	GlobalSection(SolutionProperties) = preSolution
		HideSolutionNode = FALSE
	EndGlobalSection
	GlobalSection(ExtensibilityGlobals) = postSolution
		SolutionGuid = {F3FA9E48-A848-4B4C-83E8-5D4EC9A933A7}
	EndGlobalSection
EndGlobal
